{
  "version": 4,
  "terraform_version": "1.6.6",
  "serial": 6,
  "lineage": "eabacb7c-16e3-50d3-4690-27451c41900d",
  "outputs": {},
  "resources": [
    {
      "mode": "data",
      "type": "huaweicloud_images_image",
      "name": "ubuntu",
      "provider": "provider[\"registry.terraform.io/huaweicloud/huaweicloud\"]",
      "instances": [
        {
          "schema_version": 0,
          "attributes": {
            "architecture": null,
            "backup_id": "",
            "checksum": "d41d8cd98f00b204e9800998ecf8427e",
            "container_format": "bare",
            "created_at": "2019-02-12T14:14:39Z",
            "disk_format": "zvhd2",
            "enterprise_project_id": "",
            "file": "/v2/images/f39c63f7-c04f-4471-8e56-2ad8319653ef/file",
            "flavor_id": null,
            "id": "f39c63f7-c04f-4471-8e56-2ad8319653ef",
            "image_type": "FusionCompute",
            "metadata": null,
            "min_disk_gb": 40,
            "min_ram_mb": 1024,
            "most_recent": true,
            "name": "Ubuntu 18.04 server 64bit",
            "name_regex": null,
            "os": "Ubuntu",
            "os_version": "Ubuntu 18.04 server 64bit",
            "owner": "b01110c5b30f418a87e31b738e9cf98a",
            "protected": true,
            "region": null,
            "schema": "/v2/schemas/image",
            "size_bytes": 2365378560,
            "size_max": null,
            "size_min": null,
            "sort_direction": "asc",
            "sort_key": "name",
            "status": "active",
            "tag": null,
            "updated_at": "2023-08-14T06:28:16Z",
            "visibility": "public"
          },
          "sensitive_attributes": []
        }
      ]
    },
    {
      "mode": "data",
      "type": "huaweicloud_vpc",
      "name": "selectvpc",
      "provider": "provider[\"registry.terraform.io/huaweicloud/huaweicloud\"]",
      "instances": [
        {
          "schema_version": 0,
          "attributes": {
            "cidr": "10.66.0.0/16",
            "description": "",
            "enterprise_project_id": "0",
            "id": "9d6b3a9b-3b3c-4471-9f18-ee6ed3a9feb0",
            "name": "cce-beijing",
            "region": "cn-north-4",
            "routes": [],
            "secondary_cidrs": [],
            "status": "OK",
            "tags": {}
          },
          "sensitive_attributes": []
        }
      ]
    },
    {
      "mode": "managed",
      "type": "huaweicloud_vpc_eip",
      "name": "eip",
      "provider": "provider[\"registry.terraform.io/huaweicloud/huaweicloud\"]",
      "instances": [
        {
          "schema_version": 0,
          "attributes": {
            "address": "114.116.245.145",
            "auto_pay": null,
            "auto_renew": null,
            "bandwidth": [
              {
                "charge_mode": "bandwidth",
                "id": "3e5f0e76-96c5-4543-b35a-4c3bef7d015a",
                "name": "test",
                "share_type": "PER",
                "size": 1
              }
            ],
            "charging_mode": "postPaid",
            "enterprise_project_id": "0",
            "id": "8b6ea7ba-eeb1-46ad-b8f5-554ad0bf414f",
            "ipv6_address": "",
            "name": "eip",
            "period": null,
            "period_unit": null,
            "port_id": "",
            "private_ip": "",
            "publicip": [
              {
                "ip_address": "114.116.245.145",
                "ip_version": 4,
                "port_id": "",
                "type": "5_bgp"
              }
            ],
            "region": "cn-north-4",
            "status": "UNBOUND",
            "tags": {},
            "timeouts": null
          },
          "sensitive_attributes": [],
          "private": "eyJlMmJmYjczMC1lY2FhLTExZTYtOGY4OC0zNDM2M2JjN2M0YzAiOnsiY3JlYXRlIjo2MDAwMDAwMDAwMDAsImRlbGV0ZSI6MzAwMDAwMDAwMDAwLCJ1cGRhdGUiOjMwMDAwMDAwMDAwMH19"
        }
      ]
    }
  ],
  "check_results": null
}
